
Microsoft Visual Studio Solution File, Format Version 12.00
# Visual Studio Version 17
VisualStudioVersion = 17.7.34221.43
MinimumVisualStudioVersion = 10.0.40219.1
Project("{FAE04EC0-301F-11D3-BF4B-00C04F79EFBC}") = "TaskManage", "TaskManage\TaskManage.csproj", "{88FC90C8-8881-4793-B0F5-8183A1639B10}"
EndProject
Global
	GlobalSection(SolutionConfigurationPlatforms) = preSolution
		Debug|Any CPU = Debug|Any CPU
		Release|Any CPU = Release|Any CPU
	EndGlobalSection
	GlobalSection(ProjectConfigurationPlatforms) = postSolution
		{88FC90C8-8881-4793-B0F5-8183A1639B10}.Debug|Any CPU.ActiveCfg = Debug|Any CPU
		{88FC90C8-8881-4793-B0F5-8183A1639B10}.Debug|Any CPU.Build.0 = Debug|Any CPU
		{88FC90C8-8881-4793-B0F5-8183A1639B10}.Release|Any CPU.ActiveCfg = Release|Any CPU
		{88FC90C8-8881-4793-B0F5-8183A1639B10}.Release|Any CPU.Build.0 = Release|Any CPU
	EndGlobalSection
	GlobalSection(SolutionProperties) = preSolution
		HideSolutionNode = FALSE
	EndGlobalSection
	GlobalSection(ExtensibilityGlobals) = postSolution
		SolutionGuid = {380446EB-F1FC-4C1F-8B32-FADD9AA3B03E}
	EndGlobalSection
EndGlobal
